# THIS IS AN AUTOGENERATED FILE. DO NOT EDIT THIS FILE DIRECTLY.
# yarn lockfile v1


babar@^0.1.0:
  version "0.1.0"
  resolved "https://registry.yarnpkg.com/babar/-/babar-0.1.0.tgz#b4fdb15e6ba8ed7a4096df66f23bf6171f60efc0"
  dependencies:
    colors "~0.6.2"

bitmovin-javascript@^1.1.5:
  version "1.2.0"
  resolved "https://registry.yarnpkg.com/bitmovin-javascript/-/bitmovin-javascript-1.2.0.tgz#cbedf69bb6b19f12ccd0627671f38c0051a969f6"

colors@~0.6.2:
  version "0.6.2"
  resolved "https://registry.yarnpkg.com/colors/-/colors-0.6.2.tgz#2423fe6678ac0c5dae8852e5d0e5be08c997abcc"

moment@^2.18.1:
  version "2.19.1"
  resolved "https://registry.yarnpkg.com/moment/-/moment-2.19.1.tgz#56da1a2d1cbf01d38b7e1afc31c10bcfa1929167"
